// !$*UTF8*$!
{
 archiveVersion = 1;
 classes = {};
 objectVersion = 56;
 objects = {
  A00000000000000000000001 = {isa = PBXProject; attributes = {BuildIndependentTargetsInParallel = YES; LastSwiftUpdateCheck = 1600; LastUpgradeCheck = 1600; TargetAttributes = {A00000000000000000000002 = {CreatedOnToolsVersion = 16.0; }; }; }; buildConfigurationList = A00000000000000000000003; compatibilityVersion = "Xcode 14.0"; developmentRegion = en; hasScannedForEncodings = 0; knownRegions = (en, Base); mainGroup = A00000000000000000000004; productRefGroup = A00000000000000000000005; projectDirPath = ""; projectRoot = ""; targets = (A00000000000000000000002); };
  A00000000000000000000002 = {isa = PBXNativeTarget; buildConfigurationList = A00000000000000000000006; buildPhases = (A00000000000000000000007, A00000000000000000000008, A00000000000000000000009); buildRules = (); dependencies = (); name = CompositionCamera; productName = CompositionCamera; productReference = A00000000000000000000010; productType = "com.apple.product-type.application"; };
  A00000000000000000000003 = {isa = XCConfigurationList; buildConfigurations = (A00000000000000000000011, A00000000000000000000012); defaultConfigurationIsVisible = 0; defaultConfigurationName = Release; };
  A00000000000000000000004 = {isa = PBXGroup; children = (A00000000000000000000013, A00000000000000000000005); sourceTree = "<group>"; };
  A00000000000000000000005 = {isa = PBXGroup; children = (A00000000000000000000010); name = Products; sourceTree = "<group>"; };
  A00000000000000000000006 = {isa = XCConfigurationList; buildConfigurations = (A00000000000000000000014, A00000000000000000000015); defaultConfigurationIsVisible = 0; defaultConfigurationName = Release; };
  A00000000000000000000007 = {isa = PBXSourcesBuildPhase; buildActionMask = 2147483647; files = (A00000000000000000000016, A00000000000000000000017); runOnlyForDeploymentPostprocessing = 0; };
  A00000000000000000000008 = {isa = PBXFrameworksBuildPhase; buildActionMask = 2147483647; files = (); runOnlyForDeploymentPostprocessing = 0; };
  A00000000000000000000009 = {isa = PBXResourcesBuildPhase; buildActionMask = 2147483647; files = (); runOnlyForDeploymentPostprocessing = 0; };
  A00000000000000000000010 = {isa = PBXFileReference; explicitFileType = wrapper.application; includeInIndex = 0; path = CompositionCamera.app; sourceTree = BUILT_PRODUCTS_DIR; };
  A00000000000000000000011 = {isa = XCBuildConfiguration; buildSettings = {CLANG_ENABLE_MODULES = YES; IPHONEOS_DEPLOYMENT_TARGET = 17.0; SDKROOT = iphoneos; SWIFT_VERSION = 5.0; SWIFT_OPTIMIZATION_LEVEL = "-Onone"; DEBUG_INFORMATION_FORMAT = dwarf; }; name = Debug; };
  A00000000000000000000012 = {isa = XCBuildConfiguration; buildSettings = {CLANG_ENABLE_MODULES = YES; IPHONEOS_DEPLOYMENT_TARGET = 17.0; SDKROOT = iphoneos; SWIFT_VERSION = 5.0; SWIFT_COMPILATION_MODE = wholemodule; DEBUG_INFORMATION_FORMAT = "dwarf-with-dsym"; }; name = Release; };
  A00000000000000000000013 = {isa = PBXGroup; children = (A00000000000000000000018, A00000000000000000000019, A00000000000000000000020); path = CompositionCamera; sourceTree = "<group>"; };
  A00000000000000000000014 = {isa = XCBuildConfiguration; buildSettings = {CODE_SIGN_STYLE = Automatic; GENERATE_INFOPLIST_FILE = NO; INFOPLIST_FILE = CompositionCamera/Info.plist; PRODUCT_BUNDLE_IDENTIFIER = com.composition.PhoneCamera; PRODUCT_NAME = "$(TARGET_NAME)"; SUPPORTED_PLATFORMS = "iphoneos iphonesimulator"; TARGETED_DEVICE_FAMILY = 1; SWIFT_EMIT_LOC_STRINGS = YES; }; name = Debug; };
  A00000000000000000000015 = {isa = XCBuildConfiguration; buildSettings = {CODE_SIGN_STYLE = Automatic; GENERATE_INFOPLIST_FILE = NO; INFOPLIST_FILE = CompositionCamera/Info.plist; PRODUCT_BUNDLE_IDENTIFIER = com.composition.PhoneCamera; PRODUCT_NAME = "$(TARGET_NAME)"; SUPPORTED_PLATFORMS = "iphoneos iphonesimulator"; TARGETED_DEVICE_FAMILY = 1; SWIFT_EMIT_LOC_STRINGS = YES; }; name = Release; };
  A00000000000000000000016 = {isa = PBXBuildFile; fileRef = A00000000000000000000018; };
  A00000000000000000000017 = {isa = PBXBuildFile; fileRef = A00000000000000000000019; };
  A00000000000000000000018 = {isa = PBXFileReference; lastKnownFileType = sourcecode.swift; path = CompositionCameraApp.swift; sourceTree = "<group>"; };
  A00000000000000000000019 = {isa = PBXFileReference; lastKnownFileType = sourcecode.swift; path = MotionController.swift; sourceTree = "<group>"; };
  A00000000000000000000020 = {isa = PBXFileReference; lastKnownFileType = text.plist.xml; path = Info.plist; sourceTree = "<group>"; };
 };
 rootObject = A00000000000000000000001;
}
